
Microsoft Visual Studio Solution File, Format Version 12.00
# Visual Studio Version 17
VisualStudioVersion = 17.3.32929.385
MinimumVisualStudioVersion = 10.0.40219.1
Project("{FAE04EC0-301F-11D3-BF4B-00C04F79EFBC}") = "lab9.1(graph)", "lab9.1(graph)\lab9.1(graph).csproj", "{7AFB0768-766F-48CD-BACE-78A795F29E94}"
EndProject
Global
	GlobalSection(SolutionConfigurationPlatforms) = preSolution
		Debug|Any CPU = Debug|Any CPU
		Release|Any CPU = Release|Any CPU
	EndGlobalSection
	GlobalSection(ProjectConfigurationPlatforms) = postSolution
		{7AFB0768-766F-48CD-BACE-78A795F29E94}.Debug|Any CPU.ActiveCfg = Debug|Any CPU
		{7AFB0768-766F-48CD-BACE-78A795F29E94}.Debug|Any CPU.Build.0 = Debug|Any CPU
		{7AFB0768-766F-48CD-BACE-78A795F29E94}.Release|Any CPU.ActiveCfg = Release|Any CPU
		{7AFB0768-766F-48CD-BACE-78A795F29E94}.Release|Any CPU.Build.0 = Release|Any CPU
	EndGlobalSection
	GlobalSection(SolutionProperties) = preSolution
		HideSolutionNode = FALSE
	EndGlobalSection
	GlobalSection(ExtensibilityGlobals) = postSolution
		SolutionGuid = {50DE73F3-B7FD-4DCF-8DF4-37B8DBB8E65F}
	EndGlobalSection
EndGlobal
